
Microsoft Visual Studio Solution File, Format Version 12.00
# Visual Studio Version 17
VisualStudioVersion = 17.4.33205.214
MinimumVisualStudioVersion = 10.0.40219.1
Project("{9A19103F-16F7-4668-BE54-9A1E7A4F7556}") = "LI4Blazor", "LI4Blazor\LI4Blazor.csproj", "{44D6C670-A2B4-4ED3-811E-137610C1838F}"
EndProject
Global
	GlobalSection(SolutionConfigurationPlatforms) = preSolution
		Debug|Any CPU = Debug|Any CPU
		Release|Any CPU = Release|Any CPU
	EndGlobalSection
	GlobalSection(ProjectConfigurationPlatforms) = postSolution
		{44D6C670-A2B4-4ED3-811E-137610C1838F}.Debug|Any CPU.ActiveCfg = Debug|Any CPU
		{44D6C670-A2B4-4ED3-811E-137610C1838F}.Debug|Any CPU.Build.0 = Debug|Any CPU
		{44D6C670-A2B4-4ED3-811E-137610C1838F}.Release|Any CPU.ActiveCfg = Release|Any CPU
		{44D6C670-A2B4-4ED3-811E-137610C1838F}.Release|Any CPU.Build.0 = Release|Any CPU
	EndGlobalSection
	GlobalSection(SolutionProperties) = preSolution
		HideSolutionNode = FALSE
	EndGlobalSection
	GlobalSection(ExtensibilityGlobals) = postSolution
		SolutionGuid = {C35DABC0-2682-4B83-8EB2-540DCDCBBA60}
	EndGlobalSection
EndGlobal
